
Microsoft Visual Studio Solution File, Format Version 12.00
# Visual Studio Version 16
VisualStudioVersion = 16.0.32228.343
MinimumVisualStudioVersion = 10.0.40219.1
Project("{888888A0-9F3D-457C-B088-3A5042F75D52}") = "PythonKormen", "PythonKormen\PythonKormen.pyproj", "{D94BEE4F-5F76-4C73-9C54-066C40805964}"
EndProject
Global
	GlobalSection(SolutionConfigurationPlatforms) = preSolution
		Debug|Any CPU = Debug|Any CPU
		Release|Any CPU = Release|Any CPU
	EndGlobalSection
	GlobalSection(ProjectConfigurationPlatforms) = postSolution
		{D94BEE4F-5F76-4C73-9C54-066C40805964}.Debug|Any CPU.ActiveCfg = Debug|Any CPU
		{D94BEE4F-5F76-4C73-9C54-066C40805964}.Release|Any CPU.ActiveCfg = Release|Any CPU
	EndGlobalSection
	GlobalSection(SolutionProperties) = preSolution
		HideSolutionNode = FALSE
	EndGlobalSection
	GlobalSection(ExtensibilityGlobals) = postSolution
		SolutionGuid = {D9E8DCEF-A452-435E-905A-A86343951D74}
	EndGlobalSection
EndGlobal
