
Microsoft Visual Studio Solution File, Format Version 12.00
# Visual Studio Version 16
VisualStudioVersion = 16.0.32802.440
MinimumVisualStudioVersion = 10.0.40219.1
Project("{8BC9CEB8-8B4A-11D0-8D11-00A0C91BC942}") = "Codeforces", "Codeforces\Codeforces.vcxproj", "{8424D1A9-6C72-49A1-98EC-AF4D5E1C09FA}"
EndProject
Project("{8BC9CEB8-8B4A-11D0-8D11-00A0C91BC942}") = "WaterMellone", "WaterMellone\WaterMellone.vcxproj", "{EFD1DCE8-E5AE-459A-B2DF-17E1CC0F0A05}"
EndProject
Project("{8BC9CEB8-8B4A-11D0-8D11-00A0C91BC942}") = "SubOp", "SubOp\SubOp.vcxproj", "{291F702F-6441-4EC5-AD61-C5A7B0E6344C}"
EndProject
Project("{8BC9CEB8-8B4A-11D0-8D11-00A0C91BC942}") = "TooLongWords", "TooLongWords\TooLongWords.vcxproj", "{E6D41AC4-A9E1-4CBA-9B09-570E873217FA}"
EndProject
Project("{8BC9CEB8-8B4A-11D0-8D11-00A0C91BC942}") = "dragons", "dragons\dragons.vcxproj", "{F0D5BB96-1B22-45A0-895F-F92324513EC9}"
EndProject
Project("{8BC9CEB8-8B4A-11D0-8D11-00A0C91BC942}") = "hosaam_and_combination", "hosaam_and_combination\hosaam_and_combination.vcxproj", "{D795E91A-3BD3-45F3-9955-F9713BE24BCD}"
EndProject
Project("{8BC9CEB8-8B4A-11D0-8D11-00A0C91BC942}") = "hossam_and_friends", "hossam_and_friends\hossam_and_friends.vcxproj", "{F564E12B-C85C-4CB1-8110-2E2AB26E2E0C}"
EndProject
Project("{8BC9CEB8-8B4A-11D0-8D11-00A0C91BC942}") = "Team", "Team\Team.vcxproj", "{F514BE8B-C24C-44D6-89E3-05147EC55047}"
EndProject
Project("{8BC9CEB8-8B4A-11D0-8D11-00A0C91BC942}") = "Next Round", "Next Round\Next Round.vcxproj", "{828882AE-A4B9-46BC-AFA1-4C32549AF7D8}"
EndProject
Project("{8BC9CEB8-8B4A-11D0-8D11-00A0C91BC942}") = "A_Footbal", "A_Footbal\A_Footbal.vcxproj", "{94155973-5632-4A17-BD3A-A0595E1F209A}"
EndProject
Project("{8BC9CEB8-8B4A-11D0-8D11-00A0C91BC942}") = "A_Twins", "A_Twins\A_Twins.vcxproj", "{8B0DE9DE-7E04-40EC-9D51-A2BB086DAA61}"
EndProject
Project("{8BC9CEB8-8B4A-11D0-8D11-00A0C91BC942}") = "A_Even_Odds", "A_Even_Odds\A_Even_Odds.vcxproj", "{758B95D2-C25A-49CF-AADA-F5826F37AB0A}"
EndProject
Project("{8BC9CEB8-8B4A-11D0-8D11-00A0C91BC942}") = "A_Theatre_Square", "A_Theatre_Square\A_Theatre_Square.vcxproj", "{BBFAA480-A86B-4057-AB03-8A8D32625086}"
EndProject
Project("{8BC9CEB8-8B4A-11D0-8D11-00A0C91BC942}") = "B_Fence", "B_Fence\B_Fence.vcxproj", "{CA9FE2B9-4E4E-445B-98AE-CF064D2C3659}"
EndProject
Project("{8BC9CEB8-8B4A-11D0-8D11-00A0C91BC942}") = "B_BerSU_Ball", "B_BerSU_Ball\B_BerSU_Ball.vcxproj", "{F03C6E6B-C872-4475-AF80-708311BF6478}"
EndProject
Project("{8BC9CEB8-8B4A-11D0-8D11-00A0C91BC942}") = "Asterisk-Minor Template", "Asterisk-Minor Template\Asterisk-Minor Template.vcxproj", "{63495678-D96F-4B6C-8EAD-8505F215F24E}"
EndProject
Project("{8BC9CEB8-8B4A-11D0-8D11-00A0C91BC942}") = "Distinct Split", "Distinct Split\Distinct Split.vcxproj", "{0FCF3B4C-2019-4849-8703-9CBD18A488F7}"
EndProject
Global
	GlobalSection(SolutionConfigurationPlatforms) = preSolution
		Debug|x64 = Debug|x64
		Debug|x86 = Debug|x86
		Release|x64 = Release|x64
		Release|x86 = Release|x86
	EndGlobalSection
	GlobalSection(ProjectConfigurationPlatforms) = postSolution
		{8424D1A9-6C72-49A1-98EC-AF4D5E1C09FA}.Debug|x64.ActiveCfg = Debug|x64
		{8424D1A9-6C72-49A1-98EC-AF4D5E1C09FA}.Debug|x64.Build.0 = Debug|x64
		{8424D1A9-6C72-49A1-98EC-AF4D5E1C09FA}.Debug|x86.ActiveCfg = Debug|Win32
		{8424D1A9-6C72-49A1-98EC-AF4D5E1C09FA}.Debug|x86.Build.0 = Debug|Win32
		{8424D1A9-6C72-49A1-98EC-AF4D5E1C09FA}.Release|x64.ActiveCfg = Release|x64
		{8424D1A9-6C72-49A1-98EC-AF4D5E1C09FA}.Release|x64.Build.0 = Release|x64
		{8424D1A9-6C72-49A1-98EC-AF4D5E1C09FA}.Release|x86.ActiveCfg = Release|Win32
		{8424D1A9-6C72-49A1-98EC-AF4D5E1C09FA}.Release|x86.Build.0 = Release|Win32
		{EFD1DCE8-E5AE-459A-B2DF-17E1CC0F0A05}.Debug|x64.ActiveCfg = Debug|x64
		{EFD1DCE8-E5AE-459A-B2DF-17E1CC0F0A05}.Debug|x64.Build.0 = Debug|x64
		{EFD1DCE8-E5AE-459A-B2DF-17E1CC0F0A05}.Debug|x86.ActiveCfg = Debug|Win32
		{EFD1DCE8-E5AE-459A-B2DF-17E1CC0F0A05}.Debug|x86.Build.0 = Debug|Win32
		{EFD1DCE8-E5AE-459A-B2DF-17E1CC0F0A05}.Release|x64.ActiveCfg = Release|x64
		{EFD1DCE8-E5AE-459A-B2DF-17E1CC0F0A05}.Release|x64.Build.0 = Release|x64
		{EFD1DCE8-E5AE-459A-B2DF-17E1CC0F0A05}.Release|x86.ActiveCfg = Release|Win32
		{EFD1DCE8-E5AE-459A-B2DF-17E1CC0F0A05}.Release|x86.Build.0 = Release|Win32
		{291F702F-6441-4EC5-AD61-C5A7B0E6344C}.Debug|x64.ActiveCfg = Debug|x64
		{291F702F-6441-4EC5-AD61-C5A7B0E6344C}.Debug|x64.Build.0 = Debug|x64
		{291F702F-6441-4EC5-AD61-C5A7B0E6344C}.Debug|x86.ActiveCfg = Debug|Win32
		{291F702F-6441-4EC5-AD61-C5A7B0E6344C}.Debug|x86.Build.0 = Debug|Win32
		{291F702F-6441-4EC5-AD61-C5A7B0E6344C}.Release|x64.ActiveCfg = Release|x64
		{291F702F-6441-4EC5-AD61-C5A7B0E6344C}.Release|x64.Build.0 = Release|x64
		{291F702F-6441-4EC5-AD61-C5A7B0E6344C}.Release|x86.ActiveCfg = Release|Win32
		{291F702F-6441-4EC5-AD61-C5A7B0E6344C}.Release|x86.Build.0 = Release|Win32
		{E6D41AC4-A9E1-4CBA-9B09-570E873217FA}.Debug|x64.ActiveCfg = Debug|x64
		{E6D41AC4-A9E1-4CBA-9B09-570E873217FA}.Debug|x64.Build.0 = Debug|x64
		{E6D41AC4-A9E1-4CBA-9B09-570E873217FA}.Debug|x86.ActiveCfg = Debug|Win32
		{E6D41AC4-A9E1-4CBA-9B09-570E873217FA}.Debug|x86.Build.0 = Debug|Win32
		{E6D41AC4-A9E1-4CBA-9B09-570E873217FA}.Release|x64.ActiveCfg = Release|x64
		{E6D41AC4-A9E1-4CBA-9B09-570E873217FA}.Release|x64.Build.0 = Release|x64
		{E6D41AC4-A9E1-4CBA-9B09-570E873217FA}.Release|x86.ActiveCfg = Release|Win32
		{E6D41AC4-A9E1-4CBA-9B09-570E873217FA}.Release|x86.Build.0 = Release|Win32
		{F0D5BB96-1B22-45A0-895F-F92324513EC9}.Debug|x64.ActiveCfg = Debug|x64
		{F0D5BB96-1B22-45A0-895F-F92324513EC9}.Debug|x64.Build.0 = Debug|x64
		{F0D5BB96-1B22-45A0-895F-F92324513EC9}.Debug|x86.ActiveCfg = Debug|Win32
		{F0D5BB96-1B22-45A0-895F-F92324513EC9}.Debug|x86.Build.0 = Debug|Win32
		{F0D5BB96-1B22-45A0-895F-F92324513EC9}.Release|x64.ActiveCfg = Release|x64
		{F0D5BB96-1B22-45A0-895F-F92324513EC9}.Release|x64.Build.0 = Release|x64
		{F0D5BB96-1B22-45A0-895F-F92324513EC9}.Release|x86.ActiveCfg = Release|Win32
		{F0D5BB96-1B22-45A0-895F-F92324513EC9}.Release|x86.Build.0 = Release|Win32
		{D795E91A-3BD3-45F3-9955-F9713BE24BCD}.Debug|x64.ActiveCfg = Debug|x64
		{D795E91A-3BD3-45F3-9955-F9713BE24BCD}.Debug|x64.Build.0 = Debug|x64
		{D795E91A-3BD3-45F3-9955-F9713BE24BCD}.Debug|x86.ActiveCfg = Debug|Win32
		{D795E91A-3BD3-45F3-9955-F9713BE24BCD}.Debug|x86.Build.0 = Debug|Win32
		{D795E91A-3BD3-45F3-9955-F9713BE24BCD}.Release|x64.ActiveCfg = Release|x64
		{D795E91A-3BD3-45F3-9955-F9713BE24BCD}.Release|x64.Build.0 = Release|x64
		{D795E91A-3BD3-45F3-9955-F9713BE24BCD}.Release|x86.ActiveCfg = Release|Win32
		{D795E91A-3BD3-45F3-9955-F9713BE24BCD}.Release|x86.Build.0 = Release|Win32
		{F564E12B-C85C-4CB1-8110-2E2AB26E2E0C}.Debug|x64.ActiveCfg = Debug|x64
		{F564E12B-C85C-4CB1-8110-2E2AB26E2E0C}.Debug|x64.Build.0 = Debug|x64
		{F564E12B-C85C-4CB1-8110-2E2AB26E2E0C}.Debug|x86.ActiveCfg = Debug|Win32
		{F564E12B-C85C-4CB1-8110-2E2AB26E2E0C}.Debug|x86.Build.0 = Debug|Win32
		{F564E12B-C85C-4CB1-8110-2E2AB26E2E0C}.Release|x64.ActiveCfg = Release|x64
		{F564E12B-C85C-4CB1-8110-2E2AB26E2E0C}.Release|x64.Build.0 = Release|x64
		{F564E12B-C85C-4CB1-8110-2E2AB26E2E0C}.Release|x86.ActiveCfg = Release|Win32
		{F564E12B-C85C-4CB1-8110-2E2AB26E2E0C}.Release|x86.Build.0 = Release|Win32
		{F514BE8B-C24C-44D6-89E3-05147EC55047}.Debug|x64.ActiveCfg = Debug|x64
		{F514BE8B-C24C-44D6-89E3-05147EC55047}.Debug|x64.Build.0 = Debug|x64
		{F514BE8B-C24C-44D6-89E3-05147EC55047}.Debug|x86.ActiveCfg = Debug|Win32
		{F514BE8B-C24C-44D6-89E3-05147EC55047}.Debug|x86.Build.0 = Debug|Win32
		{F514BE8B-C24C-44D6-89E3-05147EC55047}.Release|x64.ActiveCfg = Release|x64
		{F514BE8B-C24C-44D6-89E3-05147EC55047}.Release|x64.Build.0 = Release|x64
		{F514BE8B-C24C-44D6-89E3-05147EC55047}.Release|x86.ActiveCfg = Release|Win32
		{F514BE8B-C24C-44D6-89E3-05147EC55047}.Release|x86.Build.0 = Release|Win32
		{828882AE-A4B9-46BC-AFA1-4C32549AF7D8}.Debug|x64.ActiveCfg = Debug|x64
		{828882AE-A4B9-46BC-AFA1-4C32549AF7D8}.Debug|x64.Build.0 = Debug|x64
		{828882AE-A4B9-46BC-AFA1-4C32549AF7D8}.Debug|x86.ActiveCfg = Debug|Win32
		{828882AE-A4B9-46BC-AFA1-4C32549AF7D8}.Debug|x86.Build.0 = Debug|Win32
		{828882AE-A4B9-46BC-AFA1-4C32549AF7D8}.Release|x64.ActiveCfg = Release|x64
		{828882AE-A4B9-46BC-AFA1-4C32549AF7D8}.Release|x64.Build.0 = Release|x64
		{828882AE-A4B9-46BC-AFA1-4C32549AF7D8}.Release|x86.ActiveCfg = Release|Win32
		{828882AE-A4B9-46BC-AFA1-4C32549AF7D8}.Release|x86.Build.0 = Release|Win32
		{94155973-5632-4A17-BD3A-A0595E1F209A}.Debug|x64.ActiveCfg = Debug|x64
		{94155973-5632-4A17-BD3A-A0595E1F209A}.Debug|x64.Build.0 = Debug|x64
		{94155973-5632-4A17-BD3A-A0595E1F209A}.Debug|x86.ActiveCfg = Debug|Win32
		{94155973-5632-4A17-BD3A-A0595E1F209A}.Debug|x86.Build.0 = Debug|Win32
		{94155973-5632-4A17-BD3A-A0595E1F209A}.Release|x64.ActiveCfg = Release|x64
		{94155973-5632-4A17-BD3A-A0595E1F209A}.Release|x64.Build.0 = Release|x64
		{94155973-5632-4A17-BD3A-A0595E1F209A}.Release|x86.ActiveCfg = Release|Win32
		{94155973-5632-4A17-BD3A-A0595E1F209A}.Release|x86.Build.0 = Release|Win32
		{8B0DE9DE-7E04-40EC-9D51-A2BB086DAA61}.Debug|x64.ActiveCfg = Debug|x64
		{8B0DE9DE-7E04-40EC-9D51-A2BB086DAA61}.Debug|x64.Build.0 = Debug|x64
		{8B0DE9DE-7E04-40EC-9D51-A2BB086DAA61}.Debug|x86.ActiveCfg = Debug|Win32
		{8B0DE9DE-7E04-40EC-9D51-A2BB086DAA61}.Debug|x86.Build.0 = Debug|Win32
		{8B0DE9DE-7E04-40EC-9D51-A2BB086DAA61}.Release|x64.ActiveCfg = Release|x64
		{8B0DE9DE-7E04-40EC-9D51-A2BB086DAA61}.Release|x64.Build.0 = Release|x64
		{8B0DE9DE-7E04-40EC-9D51-A2BB086DAA61}.Release|x86.ActiveCfg = Release|Win32
		{8B0DE9DE-7E04-40EC-9D51-A2BB086DAA61}.Release|x86.Build.0 = Release|Win32
		{758B95D2-C25A-49CF-AADA-F5826F37AB0A}.Debug|x64.ActiveCfg = Debug|x64
		{758B95D2-C25A-49CF-AADA-F5826F37AB0A}.Debug|x64.Build.0 = Debug|x64
		{758B95D2-C25A-49CF-AADA-F5826F37AB0A}.Debug|x86.ActiveCfg = Debug|Win32
		{758B95D2-C25A-49CF-AADA-F5826F37AB0A}.Debug|x86.Build.0 = Debug|Win32
		{758B95D2-C25A-49CF-AADA-F5826F37AB0A}.Release|x64.ActiveCfg = Release|x64
		{758B95D2-C25A-49CF-AADA-F5826F37AB0A}.Release|x64.Build.0 = Release|x64
		{758B95D2-C25A-49CF-AADA-F5826F37AB0A}.Release|x86.ActiveCfg = Release|Win32
		{758B95D2-C25A-49CF-AADA-F5826F37AB0A}.Release|x86.Build.0 = Release|Win32
		{BBFAA480-A86B-4057-AB03-8A8D32625086}.Debug|x64.ActiveCfg = Debug|x64
		{BBFAA480-A86B-4057-AB03-8A8D32625086}.Debug|x64.Build.0 = Debug|x64
		{BBFAA480-A86B-4057-AB03-8A8D32625086}.Debug|x86.ActiveCfg = Debug|Win32
		{BBFAA480-A86B-4057-AB03-8A8D32625086}.Debug|x86.Build.0 = Debug|Win32
		{BBFAA480-A86B-4057-AB03-8A8D32625086}.Release|x64.ActiveCfg = Release|x64
		{BBFAA480-A86B-4057-AB03-8A8D32625086}.Release|x64.Build.0 = Release|x64
		{BBFAA480-A86B-4057-AB03-8A8D32625086}.Release|x86.ActiveCfg = Release|Win32
		{BBFAA480-A86B-4057-AB03-8A8D32625086}.Release|x86.Build.0 = Release|Win32
		{CA9FE2B9-4E4E-445B-98AE-CF064D2C3659}.Debug|x64.ActiveCfg = Debug|x64
		{CA9FE2B9-4E4E-445B-98AE-CF064D2C3659}.Debug|x64.Build.0 = Debug|x64
		{CA9FE2B9-4E4E-445B-98AE-CF064D2C3659}.Debug|x86.ActiveCfg = Debug|Win32
		{CA9FE2B9-4E4E-445B-98AE-CF064D2C3659}.Debug|x86.Build.0 = Debug|Win32
		{CA9FE2B9-4E4E-445B-98AE-CF064D2C3659}.Release|x64.ActiveCfg = Release|x64
		{CA9FE2B9-4E4E-445B-98AE-CF064D2C3659}.Release|x64.Build.0 = Release|x64
		{CA9FE2B9-4E4E-445B-98AE-CF064D2C3659}.Release|x86.ActiveCfg = Release|Win32
		{CA9FE2B9-4E4E-445B-98AE-CF064D2C3659}.Release|x86.Build.0 = Release|Win32
		{F03C6E6B-C872-4475-AF80-708311BF6478}.Debug|x64.ActiveCfg = Debug|x64
		{F03C6E6B-C872-4475-AF80-708311BF6478}.Debug|x64.Build.0 = Debug|x64
		{F03C6E6B-C872-4475-AF80-708311BF6478}.Debug|x86.ActiveCfg = Debug|Win32
		{F03C6E6B-C872-4475-AF80-708311BF6478}.Debug|x86.Build.0 = Debug|Win32
		{F03C6E6B-C872-4475-AF80-708311BF6478}.Release|x64.ActiveCfg = Release|x64
		{F03C6E6B-C872-4475-AF80-708311BF6478}.Release|x64.Build.0 = Release|x64
		{F03C6E6B-C872-4475-AF80-708311BF6478}.Release|x86.ActiveCfg = Release|Win32
		{F03C6E6B-C872-4475-AF80-708311BF6478}.Release|x86.Build.0 = Release|Win32
		{63495678-D96F-4B6C-8EAD-8505F215F24E}.Debug|x64.ActiveCfg = Debug|x64
		{63495678-D96F-4B6C-8EAD-8505F215F24E}.Debug|x64.Build.0 = Debug|x64
		{63495678-D96F-4B6C-8EAD-8505F215F24E}.Debug|x86.ActiveCfg = Debug|Win32
		{63495678-D96F-4B6C-8EAD-8505F215F24E}.Debug|x86.Build.0 = Debug|Win32
		{63495678-D96F-4B6C-8EAD-8505F215F24E}.Release|x64.ActiveCfg = Release|x64
		{63495678-D96F-4B6C-8EAD-8505F215F24E}.Release|x64.Build.0 = Release|x64
		{63495678-D96F-4B6C-8EAD-8505F215F24E}.Release|x86.ActiveCfg = Release|Win32
		{63495678-D96F-4B6C-8EAD-8505F215F24E}.Release|x86.Build.0 = Release|Win32
		{0FCF3B4C-2019-4849-8703-9CBD18A488F7}.Debug|x64.ActiveCfg = Debug|x64
		{0FCF3B4C-2019-4849-8703-9CBD18A488F7}.Debug|x64.Build.0 = Debug|x64
		{0FCF3B4C-2019-4849-8703-9CBD18A488F7}.Debug|x86.ActiveCfg = Debug|Win32
		{0FCF3B4C-2019-4849-8703-9CBD18A488F7}.Debug|x86.Build.0 = Debug|Win32
		{0FCF3B4C-2019-4849-8703-9CBD18A488F7}.Release|x64.ActiveCfg = Release|x64
		{0FCF3B4C-2019-4849-8703-9CBD18A488F7}.Release|x64.Build.0 = Release|x64
		{0FCF3B4C-2019-4849-8703-9CBD18A488F7}.Release|x86.ActiveCfg = Release|Win32
		{0FCF3B4C-2019-4849-8703-9CBD18A488F7}.Release|x86.Build.0 = Release|Win32
	EndGlobalSection
	GlobalSection(SolutionProperties) = preSolution
		HideSolutionNode = FALSE
	EndGlobalSection
	GlobalSection(ExtensibilityGlobals) = postSolution
		SolutionGuid = {B7897700-A2C8-418A-BB68-27816C45D20B}
	EndGlobalSection
EndGlobal
