
Microsoft Visual Studio Solution File, Format Version 12.00
# Visual Studio Version 17
VisualStudioVersion = 17.1.32210.238
MinimumVisualStudioVersion = 10.0.40219.1
Project("{888888A0-9F3D-457C-B088-3A5042F75D52}") = "compare2Par", "compare2Par\compare2Par.pyproj", "{677011B0-5423-4A1C-B386-8F4971A3D6B9}"
EndProject
Global
	GlobalSection(SolutionConfigurationPlatforms) = preSolution
		Debug|Any CPU = Debug|Any CPU
		Release|Any CPU = Release|Any CPU
	EndGlobalSection
	GlobalSection(ProjectConfigurationPlatforms) = postSolution
		{677011B0-5423-4A1C-B386-8F4971A3D6B9}.Debug|Any CPU.ActiveCfg = Debug|Any CPU
		{677011B0-5423-4A1C-B386-8F4971A3D6B9}.Release|Any CPU.ActiveCfg = Release|Any CPU
	EndGlobalSection
	GlobalSection(SolutionProperties) = preSolution
		HideSolutionNode = FALSE
	EndGlobalSection
	GlobalSection(ExtensibilityGlobals) = postSolution
		SolutionGuid = {96D2AA7B-AA85-4CED-8B5C-45981B14EBE7}
	EndGlobalSection
EndGlobal
